
Microsoft Visual Studio Solution File, Format Version 12.00
# Visual Studio Version 17
VisualStudioVersion = 17.4.33213.308
MinimumVisualStudioVersion = 10.0.40219.1
Project("{FAE04EC0-301F-11D3-BF4B-00C04F79EFBC}") = "WpfApp3", "WpfApp3\WpfApp3.csproj", "{5B21FA67-E61F-4FDD-AEA7-013C8E19E3FC}"
EndProject
Global
	GlobalSection(SolutionConfigurationPlatforms) = preSolution
		Debug|Any CPU = Debug|Any CPU
		Release|Any CPU = Release|Any CPU
	EndGlobalSection
	GlobalSection(ProjectConfigurationPlatforms) = postSolution
		{5B21FA67-E61F-4FDD-AEA7-013C8E19E3FC}.Debug|Any CPU.ActiveCfg = Debug|Any CPU
		{5B21FA67-E61F-4FDD-AEA7-013C8E19E3FC}.Debug|Any CPU.Build.0 = Debug|Any CPU
		{5B21FA67-E61F-4FDD-AEA7-013C8E19E3FC}.Release|Any CPU.ActiveCfg = Release|Any CPU
		{5B21FA67-E61F-4FDD-AEA7-013C8E19E3FC}.Release|Any CPU.Build.0 = Release|Any CPU
	EndGlobalSection
	GlobalSection(SolutionProperties) = preSolution
		HideSolutionNode = FALSE
	EndGlobalSection
	GlobalSection(ExtensibilityGlobals) = postSolution
		SolutionGuid = {919360CB-07EA-4810-9310-743F4E00C154}
	EndGlobalSection
EndGlobal
